
Microsoft Visual Studio Solution File, Format Version 12.00
# Visual Studio Version 16
VisualStudioVersion = 16.0.29709.97
MinimumVisualStudioVersion = 10.0.40219.1
Project("{9A19103F-16F7-4668-BE54-9A1E7A4F7556}") = "Ares.Api", "Ares.Api\Ares.Api.csproj", "{F7084717-F353-4FD2-8979-EA3EAAE06194}"
EndProject
Project("{9A19103F-16F7-4668-BE54-9A1E7A4F7556}") = "Ares.MVCApi", "Ares.MVCApi\Ares.MVCApi.csproj", "{25D2F422-5D63-43B0-8B16-E46F8FC1875F}"
EndProject
Project("{9A19103F-16F7-4668-BE54-9A1E7A4F7556}") = "Ares.Domain", "Ares.Domain\Ares.Domain.csproj", "{6AE41ED3-4A83-4B4E-8B32-A07A135A29E4}"
EndProject
Project("{9A19103F-16F7-4668-BE54-9A1E7A4F7556}") = "Ares.Infrastructure", "Ares.Infrastructure\Ares.Infrastructure.csproj", "{3F91175C-D211-4A76-92A0-D740921A8DE3}"
EndProject
Project("{9A19103F-16F7-4668-BE54-9A1E7A4F7556}") = "Ares.ConsoleClient", "Ares.ConsoleClient\Ares.ConsoleClient.csproj", "{E575A9F3-181C-4A01-9B65-143B638F21A7}"
EndProject
Project("{9A19103F-16F7-4668-BE54-9A1E7A4F7556}") = "Ares.RazorPages", "Ares.RazorPages\Ares.RazorPages.csproj", "{C7C2D398-9FEC-44F0-BEE1-5773B5B42D46}"
EndProject
Project("{9A19103F-16F7-4668-BE54-9A1E7A4F7556}") = "Ares.AresForms", "Ares.AresForms\Ares.AresForms.csproj", "{1BE8D0BF-1CBB-4909-B350-BB1EAEF45774}"
EndProject
Project("{9A19103F-16F7-4668-BE54-9A1E7A4F7556}") = "Ares.SessionRedis", "Ares.SessionRedis\Ares.SessionRedis.csproj", "{2EB8194E-DC93-4111-B8FE-688DF8C943D7}"
EndProject
Project("{FAE04EC0-301F-11D3-BF4B-00C04F79EFBC}") = "Ares.Validations", "Ares.Validations\Ares.Validations.csproj", "{32FF31C1-6166-498A-BD52-00600BCE2748}"
EndProject
Global
	GlobalSection(SolutionConfigurationPlatforms) = preSolution
		Debug|Any CPU = Debug|Any CPU
		Release|Any CPU = Release|Any CPU
	EndGlobalSection
	GlobalSection(ProjectConfigurationPlatforms) = postSolution
		{F7084717-F353-4FD2-8979-EA3EAAE06194}.Debug|Any CPU.ActiveCfg = Debug|Any CPU
		{F7084717-F353-4FD2-8979-EA3EAAE06194}.Debug|Any CPU.Build.0 = Debug|Any CPU
		{F7084717-F353-4FD2-8979-EA3EAAE06194}.Release|Any CPU.ActiveCfg = Release|Any CPU
		{F7084717-F353-4FD2-8979-EA3EAAE06194}.Release|Any CPU.Build.0 = Release|Any CPU
		{25D2F422-5D63-43B0-8B16-E46F8FC1875F}.Debug|Any CPU.ActiveCfg = Debug|Any CPU
		{25D2F422-5D63-43B0-8B16-E46F8FC1875F}.Debug|Any CPU.Build.0 = Debug|Any CPU
		{25D2F422-5D63-43B0-8B16-E46F8FC1875F}.Release|Any CPU.ActiveCfg = Release|Any CPU
		{25D2F422-5D63-43B0-8B16-E46F8FC1875F}.Release|Any CPU.Build.0 = Release|Any CPU
		{6AE41ED3-4A83-4B4E-8B32-A07A135A29E4}.Debug|Any CPU.ActiveCfg = Debug|Any CPU
		{6AE41ED3-4A83-4B4E-8B32-A07A135A29E4}.Debug|Any CPU.Build.0 = Debug|Any CPU
		{6AE41ED3-4A83-4B4E-8B32-A07A135A29E4}.Release|Any CPU.ActiveCfg = Release|Any CPU
		{6AE41ED3-4A83-4B4E-8B32-A07A135A29E4}.Release|Any CPU.Build.0 = Release|Any CPU
		{3F91175C-D211-4A76-92A0-D740921A8DE3}.Debug|Any CPU.ActiveCfg = Debug|Any CPU
		{3F91175C-D211-4A76-92A0-D740921A8DE3}.Debug|Any CPU.Build.0 = Debug|Any CPU
		{3F91175C-D211-4A76-92A0-D740921A8DE3}.Release|Any CPU.ActiveCfg = Release|Any CPU
		{3F91175C-D211-4A76-92A0-D740921A8DE3}.Release|Any CPU.Build.0 = Release|Any CPU
		{E575A9F3-181C-4A01-9B65-143B638F21A7}.Debug|Any CPU.ActiveCfg = Debug|Any CPU
		{E575A9F3-181C-4A01-9B65-143B638F21A7}.Debug|Any CPU.Build.0 = Debug|Any CPU
		{E575A9F3-181C-4A01-9B65-143B638F21A7}.Release|Any CPU.ActiveCfg = Release|Any CPU
		{E575A9F3-181C-4A01-9B65-143B638F21A7}.Release|Any CPU.Build.0 = Release|Any CPU
		{C7C2D398-9FEC-44F0-BEE1-5773B5B42D46}.Debug|Any CPU.ActiveCfg = Debug|Any CPU
		{C7C2D398-9FEC-44F0-BEE1-5773B5B42D46}.Debug|Any CPU.Build.0 = Debug|Any CPU
		{C7C2D398-9FEC-44F0-BEE1-5773B5B42D46}.Release|Any CPU.ActiveCfg = Release|Any CPU
		{C7C2D398-9FEC-44F0-BEE1-5773B5B42D46}.Release|Any CPU.Build.0 = Release|Any CPU
		{1BE8D0BF-1CBB-4909-B350-BB1EAEF45774}.Debug|Any CPU.ActiveCfg = Debug|Any CPU
		{1BE8D0BF-1CBB-4909-B350-BB1EAEF45774}.Debug|Any CPU.Build.0 = Debug|Any CPU
		{1BE8D0BF-1CBB-4909-B350-BB1EAEF45774}.Release|Any CPU.ActiveCfg = Release|Any CPU
		{1BE8D0BF-1CBB-4909-B350-BB1EAEF45774}.Release|Any CPU.Build.0 = Release|Any CPU
		{2EB8194E-DC93-4111-B8FE-688DF8C943D7}.Debug|Any CPU.ActiveCfg = Debug|Any CPU
		{2EB8194E-DC93-4111-B8FE-688DF8C943D7}.Debug|Any CPU.Build.0 = Debug|Any CPU
		{2EB8194E-DC93-4111-B8FE-688DF8C943D7}.Release|Any CPU.ActiveCfg = Release|Any CPU
		{2EB8194E-DC93-4111-B8FE-688DF8C943D7}.Release|Any CPU.Build.0 = Release|Any CPU
		{32FF31C1-6166-498A-BD52-00600BCE2748}.Debug|Any CPU.ActiveCfg = Debug|Any CPU
		{32FF31C1-6166-498A-BD52-00600BCE2748}.Debug|Any CPU.Build.0 = Debug|Any CPU
		{32FF31C1-6166-498A-BD52-00600BCE2748}.Release|Any CPU.ActiveCfg = Release|Any CPU
		{32FF31C1-6166-498A-BD52-00600BCE2748}.Release|Any CPU.Build.0 = Release|Any CPU
	EndGlobalSection
	GlobalSection(SolutionProperties) = preSolution
		HideSolutionNode = FALSE
	EndGlobalSection
	GlobalSection(ExtensibilityGlobals) = postSolution
		SolutionGuid = {59250D1E-D14C-4863-80BE-4CA463F2B7FF}
	EndGlobalSection
EndGlobal
